
Microsoft Visual Studio Solution File, Format Version 12.00
# Visual Studio Version 17
VisualStudioVersion = 17.1.32421.90
MinimumVisualStudioVersion = 10.0.40219.1
Project("{FAE04EC0-301F-11D3-BF4B-00C04F79EFBC}") = "FooterApp.Android", "FooterApp\FooterApp.Android\FooterApp.Android.csproj", "{50FD9DFF-52CE-4241-9F63-01C5BFD3F016}"
EndProject
Project("{FAE04EC0-301F-11D3-BF4B-00C04F79EFBC}") = "FooterApp.iOS", "FooterApp\FooterApp.iOS\FooterApp.iOS.csproj", "{070B066B-117B-4DC9-91ED-B7CE837FD51C}"
EndProject
Project("{FAE04EC0-301F-11D3-BF4B-00C04F79EFBC}") = "FooterApp", "FooterApp\FooterApp\FooterApp.csproj", "{48123E6E-A1FA-4AE9-8CC1-1FD09B4953F1}"
EndProject
Global
	GlobalSection(SolutionConfigurationPlatforms) = preSolution
		Debug|Any CPU = Debug|Any CPU
		Debug|iPhone = Debug|iPhone
		Debug|iPhoneSimulator = Debug|iPhoneSimulator
		Release|Any CPU = Release|Any CPU
		Release|iPhone = Release|iPhone
		Release|iPhoneSimulator = Release|iPhoneSimulator
	EndGlobalSection
	GlobalSection(ProjectConfigurationPlatforms) = postSolution
		{50FD9DFF-52CE-4241-9F63-01C5BFD3F016}.Debug|Any CPU.ActiveCfg = Debug|Any CPU
		{50FD9DFF-52CE-4241-9F63-01C5BFD3F016}.Debug|Any CPU.Build.0 = Debug|Any CPU
		{50FD9DFF-52CE-4241-9F63-01C5BFD3F016}.Debug|Any CPU.Deploy.0 = Debug|Any CPU
		{50FD9DFF-52CE-4241-9F63-01C5BFD3F016}.Debug|iPhone.ActiveCfg = Debug|Any CPU
		{50FD9DFF-52CE-4241-9F63-01C5BFD3F016}.Debug|iPhone.Build.0 = Debug|Any CPU
		{50FD9DFF-52CE-4241-9F63-01C5BFD3F016}.Debug|iPhone.Deploy.0 = Debug|Any CPU
		{50FD9DFF-52CE-4241-9F63-01C5BFD3F016}.Debug|iPhoneSimulator.ActiveCfg = Debug|Any CPU
		{50FD9DFF-52CE-4241-9F63-01C5BFD3F016}.Debug|iPhoneSimulator.Build.0 = Debug|Any CPU
		{50FD9DFF-52CE-4241-9F63-01C5BFD3F016}.Debug|iPhoneSimulator.Deploy.0 = Debug|Any CPU
		{50FD9DFF-52CE-4241-9F63-01C5BFD3F016}.Release|Any CPU.ActiveCfg = Release|Any CPU
		{50FD9DFF-52CE-4241-9F63-01C5BFD3F016}.Release|Any CPU.Build.0 = Release|Any CPU
		{50FD9DFF-52CE-4241-9F63-01C5BFD3F016}.Release|Any CPU.Deploy.0 = Release|Any CPU
		{50FD9DFF-52CE-4241-9F63-01C5BFD3F016}.Release|iPhone.ActiveCfg = Release|Any CPU
		{50FD9DFF-52CE-4241-9F63-01C5BFD3F016}.Release|iPhone.Build.0 = Release|Any CPU
		{50FD9DFF-52CE-4241-9F63-01C5BFD3F016}.Release|iPhone.Deploy.0 = Release|Any CPU
		{50FD9DFF-52CE-4241-9F63-01C5BFD3F016}.Release|iPhoneSimulator.ActiveCfg = Release|Any CPU
		{50FD9DFF-52CE-4241-9F63-01C5BFD3F016}.Release|iPhoneSimulator.Build.0 = Release|Any CPU
		{50FD9DFF-52CE-4241-9F63-01C5BFD3F016}.Release|iPhoneSimulator.Deploy.0 = Release|Any CPU
		{070B066B-117B-4DC9-91ED-B7CE837FD51C}.Debug|Any CPU.ActiveCfg = Debug|iPhone
		{070B066B-117B-4DC9-91ED-B7CE837FD51C}.Debug|Any CPU.Build.0 = Debug|iPhone
		{070B066B-117B-4DC9-91ED-B7CE837FD51C}.Debug|Any CPU.Deploy.0 = Debug|iPhone
		{070B066B-117B-4DC9-91ED-B7CE837FD51C}.Debug|iPhone.ActiveCfg = Debug|iPhone
		{070B066B-117B-4DC9-91ED-B7CE837FD51C}.Debug|iPhone.Build.0 = Debug|iPhone
		{070B066B-117B-4DC9-91ED-B7CE837FD51C}.Debug|iPhone.Deploy.0 = Debug|iPhone
		{070B066B-117B-4DC9-91ED-B7CE837FD51C}.Debug|iPhoneSimulator.ActiveCfg = Debug|iPhoneSimulator
		{070B066B-117B-4DC9-91ED-B7CE837FD51C}.Debug|iPhoneSimulator.Build.0 = Debug|iPhoneSimulator
		{070B066B-117B-4DC9-91ED-B7CE837FD51C}.Debug|iPhoneSimulator.Deploy.0 = Debug|iPhoneSimulator
		{070B066B-117B-4DC9-91ED-B7CE837FD51C}.Release|Any CPU.ActiveCfg = Release|iPhoneSimulator
		{070B066B-117B-4DC9-91ED-B7CE837FD51C}.Release|Any CPU.Build.0 = Release|iPhoneSimulator
		{070B066B-117B-4DC9-91ED-B7CE837FD51C}.Release|Any CPU.Deploy.0 = Release|iPhoneSimulator
		{070B066B-117B-4DC9-91ED-B7CE837FD51C}.Release|iPhone.ActiveCfg = Release|iPhone
		{070B066B-117B-4DC9-91ED-B7CE837FD51C}.Release|iPhone.Build.0 = Release|iPhone
		{070B066B-117B-4DC9-91ED-B7CE837FD51C}.Release|iPhone.Deploy.0 = Release|iPhone
		{070B066B-117B-4DC9-91ED-B7CE837FD51C}.Release|iPhoneSimulator.ActiveCfg = Release|iPhoneSimulator
		{070B066B-117B-4DC9-91ED-B7CE837FD51C}.Release|iPhoneSimulator.Build.0 = Release|iPhoneSimulator
		{070B066B-117B-4DC9-91ED-B7CE837FD51C}.Release|iPhoneSimulator.Deploy.0 = Release|iPhoneSimulator
		{48123E6E-A1FA-4AE9-8CC1-1FD09B4953F1}.Debug|Any CPU.ActiveCfg = Debug|Any CPU
		{48123E6E-A1FA-4AE9-8CC1-1FD09B4953F1}.Debug|Any CPU.Build.0 = Debug|Any CPU
		{48123E6E-A1FA-4AE9-8CC1-1FD09B4953F1}.Debug|Any CPU.Deploy.0 = Debug|Any CPU
		{48123E6E-A1FA-4AE9-8CC1-1FD09B4953F1}.Debug|iPhone.ActiveCfg = Debug|Any CPU
		{48123E6E-A1FA-4AE9-8CC1-1FD09B4953F1}.Debug|iPhone.Build.0 = Debug|Any CPU
		{48123E6E-A1FA-4AE9-8CC1-1FD09B4953F1}.Debug|iPhone.Deploy.0 = Debug|Any CPU
		{48123E6E-A1FA-4AE9-8CC1-1FD09B4953F1}.Debug|iPhoneSimulator.ActiveCfg = Debug|Any CPU
		{48123E6E-A1FA-4AE9-8CC1-1FD09B4953F1}.Debug|iPhoneSimulator.Build.0 = Debug|Any CPU
		{48123E6E-A1FA-4AE9-8CC1-1FD09B4953F1}.Debug|iPhoneSimulator.Deploy.0 = Debug|Any CPU
		{48123E6E-A1FA-4AE9-8CC1-1FD09B4953F1}.Release|Any CPU.ActiveCfg = Release|Any CPU
		{48123E6E-A1FA-4AE9-8CC1-1FD09B4953F1}.Release|Any CPU.Build.0 = Release|Any CPU
		{48123E6E-A1FA-4AE9-8CC1-1FD09B4953F1}.Release|Any CPU.Deploy.0 = Release|Any CPU
		{48123E6E-A1FA-4AE9-8CC1-1FD09B4953F1}.Release|iPhone.ActiveCfg = Release|Any CPU
		{48123E6E-A1FA-4AE9-8CC1-1FD09B4953F1}.Release|iPhone.Build.0 = Release|Any CPU
		{48123E6E-A1FA-4AE9-8CC1-1FD09B4953F1}.Release|iPhone.Deploy.0 = Release|Any CPU
		{48123E6E-A1FA-4AE9-8CC1-1FD09B4953F1}.Release|iPhoneSimulator.ActiveCfg = Release|Any CPU
		{48123E6E-A1FA-4AE9-8CC1-1FD09B4953F1}.Release|iPhoneSimulator.Build.0 = Release|Any CPU
		{48123E6E-A1FA-4AE9-8CC1-1FD09B4953F1}.Release|iPhoneSimulator.Deploy.0 = Release|Any CPU
	EndGlobalSection
	GlobalSection(SolutionProperties) = preSolution
		HideSolutionNode = FALSE
	EndGlobalSection
	GlobalSection(ExtensibilityGlobals) = postSolution
		SolutionGuid = {72D4AAC2-D7ED-4FC0-B5C2-E06A9C49B9D2}
	EndGlobalSection
EndGlobal
